
Microsoft Visual Studio Solution File, Format Version 12.00
# Visual Studio 15
VisualStudioVersion = 15.0.28307.421
MinimumVisualStudioVersion = 10.0.40219.1
Project("{FAE04EC0-301F-11D3-BF4B-00C04F79EFBC}") = "DCache", "DCache\DCache.csproj", "{DD0705A6-734F-4B8C-8D0F-B3B5D95A4A3F}"
EndProject
Global
	GlobalSection(SolutionConfigurationPlatforms) = preSolution
		Debug|Any CPU = Debug|Any CPU
		Release|Any CPU = Release|Any CPU
	EndGlobalSection
	GlobalSection(ProjectConfigurationPlatforms) = postSolution
		{DD0705A6-734F-4B8C-8D0F-B3B5D95A4A3F}.Debug|Any CPU.ActiveCfg = Debug|Any CPU
		{DD0705A6-734F-4B8C-8D0F-B3B5D95A4A3F}.Debug|Any CPU.Build.0 = Debug|Any CPU
		{DD0705A6-734F-4B8C-8D0F-B3B5D95A4A3F}.Release|Any CPU.ActiveCfg = Release|Any CPU
		{DD0705A6-734F-4B8C-8D0F-B3B5D95A4A3F}.Release|Any CPU.Build.0 = Release|Any CPU
	EndGlobalSection
	GlobalSection(SolutionProperties) = preSolution
		HideSolutionNode = FALSE
	EndGlobalSection
	GlobalSection(ExtensibilityGlobals) = postSolution
		SolutionGuid = {40C943A1-58C8-4521-A870-C4D4A62FC05E}
	EndGlobalSection
EndGlobal
